
Microsoft Visual Studio Solution File, Format Version 12.00
# Visual Studio Version 17
VisualStudioVersion = 17.5.33424.131
MinimumVisualStudioVersion = 10.0.40219.1
Project("{FAE04EC0-301F-11D3-BF4B-00C04F79EFBC}") = "PrimeCalculate", "PrimeCalculate.csproj", "{79223203-B70C-41A3-8115-38E1980102CC}"
EndProject
Global
	GlobalSection(SolutionConfigurationPlatforms) = preSolution
		Debug|Any CPU = Debug|Any CPU
		Release|Any CPU = Release|Any CPU
	EndGlobalSection
	GlobalSection(ProjectConfigurationPlatforms) = postSolution
		{79223203-B70C-41A3-8115-38E1980102CC}.Debug|Any CPU.ActiveCfg = Debug|Any CPU
		{79223203-B70C-41A3-8115-38E1980102CC}.Debug|Any CPU.Build.0 = Debug|Any CPU
		{79223203-B70C-41A3-8115-38E1980102CC}.Release|Any CPU.ActiveCfg = Release|Any CPU
		{79223203-B70C-41A3-8115-38E1980102CC}.Release|Any CPU.Build.0 = Release|Any CPU
	EndGlobalSection
	GlobalSection(SolutionProperties) = preSolution
		HideSolutionNode = FALSE
	EndGlobalSection
	GlobalSection(ExtensibilityGlobals) = postSolution
		SolutionGuid = {D6A4ADB8-6728-493B-B13A-C0B90A03245B}
	EndGlobalSection
EndGlobal
